// !$*UTF8*$!
{
	archiveVersion = 1;
	classes = {
	};
	objectVersion = 50;
	objects = {

/* Begin PBXBuildFile section */
		891FFDAA267B285800254B9C /* URLRequest+Ext.swift in Sources */ = {isa = PBXBuildFile; fileRef = 891FFDA9267B285800254B9C /* URLRequest+Ext.swift */; };
		891FFDAF267B29FE00254B9C /* WebApies.swift in Sources */ = {isa = PBXBuildFile; fileRef = 891FFDAE267B29FE00254B9C /* WebApies.swift */; };
		891FFDBE267B502400254B9C /* Place.swift in Sources */ = {isa = PBXBuildFile; fileRef = 891FFDBD267B502400254B9C /* Place.swift */; };
		891FFDC6267B552000254B9C /* ApiErroModel.swift in Sources */ = {isa = PBXBuildFile; fileRef = 891FFDC5267B552000254B9C /* ApiErroModel.swift */; };
		891FFDCC267B56C300254B9C /* PlaceServiceProvider.swift in Sources */ = {isa = PBXBuildFile; fileRef = 891FFDCB267B56C300254B9C /* PlaceServiceProvider.swift */; };
		891FFDD4267B57B200254B9C /* PlaceService.swift in Sources */ = {isa = PBXBuildFile; fileRef = 891FFDD3267B57B200254B9C /* PlaceService.swift */; };
		891FFDD9267B5C9500254B9C /* PlacesViewController.swift in Sources */ = {isa = PBXBuildFile; fileRef = 891FFDD8267B5C9500254B9C /* PlacesViewController.swift */; };
		891FFDDF267B5DB700254B9C /* PlacesNavigationControllerComposer.swift in Sources */ = {isa = PBXBuildFile; fileRef = 891FFDDE267B5DB700254B9C /* PlacesNavigationControllerComposer.swift */; };
		891FFDF0267B62FA00254B9C /* MainPresenterInterface.swift in Sources */ = {isa = PBXBuildFile; fileRef = 891FFDEF267B62FA00254B9C /* MainPresenterInterface.swift */; };
		891FFDF5267B631000254B9C /* MainPresenterDelegate.swift in Sources */ = {isa = PBXBuildFile; fileRef = 891FFDF4267B631000254B9C /* MainPresenterDelegate.swift */; };
		891FFDFA267B632500254B9C /* MainPresenter.swift in Sources */ = {isa = PBXBuildFile; fileRef = 891FFDF9267B632500254B9C /* MainPresenter.swift */; };
		89CE1537267B6C0400EE596F /* MainViewControllerComposer.swift in Sources */ = {isa = PBXBuildFile; fileRef = 89CE1536267B6C0400EE596F /* MainViewControllerComposer.swift */; };
		89CE153F267B6EA500EE596F /* PlacesPresenterInterface.swift in Sources */ = {isa = PBXBuildFile; fileRef = 89CE153E267B6EA500EE596F /* PlacesPresenterInterface.swift */; };
		89CE1547267B6EBB00EE596F /* PlacesPresenterDelegate.swift in Sources */ = {isa = PBXBuildFile; fileRef = 89CE1546267B6EBB00EE596F /* PlacesPresenterDelegate.swift */; };
		89CE154C267B6ECF00EE596F /* PlacesPresenter.swift in Sources */ = {isa = PBXBuildFile; fileRef = 89CE154B267B6ECF00EE596F /* PlacesPresenter.swift */; };
		89DA2D1D267A1F76004C740D /* AppDelegate.swift in Sources */ = {isa = PBXBuildFile; fileRef = 89DA2D1C267A1F76004C740D /* AppDelegate.swift */; };
		89DA2D1F267A1F76004C740D /* SceneDelegate.swift in Sources */ = {isa = PBXBuildFile; fileRef = 89DA2D1E267A1F76004C740D /* SceneDelegate.swift */; };
		89DA2D21267A1F76004C740D /* MainViewController.swift in Sources */ = {isa = PBXBuildFile; fileRef = 89DA2D20267A1F76004C740D /* MainViewController.swift */; };
		89DA2D24267A1F76004C740D /* Main.storyboard in Resources */ = {isa = PBXBuildFile; fileRef = 89DA2D22267A1F76004C740D /* Main.storyboard */; };
		89DA2D26267A1F7C004C740D /* Assets.xcassets in Resources */ = {isa = PBXBuildFile; fileRef = 89DA2D25267A1F7C004C740D /* Assets.xcassets */; };
		89DA2D29267A1F7C004C740D /* LaunchScreen.storyboard in Resources */ = {isa = PBXBuildFile; fileRef = 89DA2D27267A1F7C004C740D /* LaunchScreen.storyboard */; };
		89DA2D34267A1F7C004C740D /* PlaceOnMapAppTests.swift in Sources */ = {isa = PBXBuildFile; fileRef = 89DA2D33267A1F7C004C740D /* PlaceOnMapAppTests.swift */; };
		89DA2D3F267A1F7C004C740D /* PlaceOnMapAppUITests.swift in Sources */ = {isa = PBXBuildFile; fileRef = 89DA2D3E267A1F7C004C740D /* PlaceOnMapAppUITests.swift */; };
		89DA2D59267A2555004C740D /* UIView+Ext.swift in Sources */ = {isa = PBXBuildFile; fileRef = 89DA2D58267A2555004C740D /* UIView+Ext.swift */; };
		89DA2D70267A6040004C740D /* Images.swift in Sources */ = {isa = PBXBuildFile; fileRef = 89DA2D6F267A6040004C740D /* Images.swift */; };
		89F14838267A64ED00C382E4 /* Strings.swift in Sources */ = {isa = PBXBuildFile; fileRef = 89F14837267A64ED00C382E4 /* Strings.swift */; };
		89F14856267A70B800C382E4 /* NetworkLoaderProvider.swift in Sources */ = {isa = PBXBuildFile; fileRef = 89F14855267A70B800C382E4 /* NetworkLoaderProvider.swift */; };
		89F1485B267A711600C382E4 /* NetworkError.swift in Sources */ = {isa = PBXBuildFile; fileRef = 89F1485A267A711600C382E4 /* NetworkError.swift */; };
		89F14863267A727A00C382E4 /* NetworkLoader.swift in Sources */ = {isa = PBXBuildFile; fileRef = 89F14862267A727A00C382E4 /* NetworkLoader.swift */; };
/* End PBXBuildFile section */

/* Begin PBXContainerItemProxy section */
		89DA2D30267A1F7C004C740D /* PBXContainerItemProxy */ = {
			isa = PBXContainerItemProxy;
			containerPortal = 89DA2D11267A1F76004C740D /* Project object */;
			proxyType = 1;
			remoteGlobalIDString = 89DA2D18267A1F76004C740D;
			remoteInfo = PlaceOnMapApp;
		};
		89DA2D3B267A1F7C004C740D /* PBXContainerItemProxy */ = {
			isa = PBXContainerItemProxy;
			containerPortal = 89DA2D11267A1F76004C740D /* Project object */;
			proxyType = 1;
			remoteGlobalIDString = 89DA2D18267A1F76004C740D;
			remoteInfo = PlaceOnMapApp;
		};
/* End PBXContainerItemProxy section */

/* Begin PBXFileReference section */
		891FFDA9267B285800254B9C /* URLRequest+Ext.swift */ = {isa = PBXFileReference; lastKnownFileType = sourcecode.swift; path = "URLRequest+Ext.swift"; sourceTree = "<group>"; };
		891FFDAE267B29FE00254B9C /* WebApies.swift */ = {isa = PBXFileReference; lastKnownFileType = sourcecode.swift; path = WebApies.swift; sourceTree = "<group>"; };
		891FFDBD267B502400254B9C /* Place.swift */ = {isa = PBXFileReference; lastKnownFileType = sourcecode.swift; path = Place.swift; sourceTree = "<group>"; };
		891FFDC5267B552000254B9C /* ApiErroModel.swift */ = {isa = PBXFileReference; lastKnownFileType = sourcecode.swift; path = ApiErroModel.swift; sourceTree = "<group>"; };
		891FFDCB267B56C300254B9C /* PlaceServiceProvider.swift */ = {isa = PBXFileReference; lastKnownFileType = sourcecode.swift; path = PlaceServiceProvider.swift; sourceTree = "<group>"; };
		891FFDD3267B57B200254B9C /* PlaceService.swift */ = {isa = PBXFileReference; lastKnownFileType = sourcecode.swift; path = PlaceService.swift; sourceTree = "<group>"; };
		891FFDD8267B5C9500254B9C /* PlacesViewController.swift */ = {isa = PBXFileReference; lastKnownFileType = sourcecode.swift; path = PlacesViewController.swift; sourceTree = "<group>"; };
		891FFDDE267B5DB700254B9C /* PlacesNavigationControllerComposer.swift */ = {isa = PBXFileReference; lastKnownFileType = sourcecode.swift; path = PlacesNavigationControllerComposer.swift; sourceTree = "<group>"; };
		891FFDEF267B62FA00254B9C /* MainPresenterInterface.swift */ = {isa = PBXFileReference; lastKnownFileType = sourcecode.swift; path = MainPresenterInterface.swift; sourceTree = "<group>"; };
		891FFDF4267B631000254B9C /* MainPresenterDelegate.swift */ = {isa = PBXFileReference; lastKnownFileType = sourcecode.swift; path = MainPresenterDelegate.swift; sourceTree = "<group>"; };
		891FFDF9267B632500254B9C /* MainPresenter.swift */ = {isa = PBXFileReference; lastKnownFileType = sourcecode.swift; path = MainPresenter.swift; sourceTree = "<group>"; };
		89CE1536267B6C0400EE596F /* MainViewControllerComposer.swift */ = {isa = PBXFileReference; lastKnownFileType = sourcecode.swift; path = MainViewControllerComposer.swift; sourceTree = "<group>"; };
		89CE153E267B6EA500EE596F /* PlacesPresenterInterface.swift */ = {isa = PBXFileReference; lastKnownFileType = sourcecode.swift; path = PlacesPresenterInterface.swift; sourceTree = "<group>"; };
		89CE1546267B6EBB00EE596F /* PlacesPresenterDelegate.swift */ = {isa = PBXFileReference; lastKnownFileType = sourcecode.swift; path = PlacesPresenterDelegate.swift; sourceTree = "<group>"; };
		89CE154B267B6ECF00EE596F /* PlacesPresenter.swift */ = {isa = PBXFileReference; lastKnownFileType = sourcecode.swift; path = PlacesPresenter.swift; sourceTree = "<group>"; };
		89DA2D19267A1F76004C740D /* PlaceOnMapApp.app */ = {isa = PBXFileReference; explicitFileType = wrapper.application; includeInIndex = 0; path = PlaceOnMapApp.app; sourceTree = BUILT_PRODUCTS_DIR; };
		89DA2D1C267A1F76004C740D /* AppDelegate.swift */ = {isa = PBXFileReference; lastKnownFileType = sourcecode.swift; path = AppDelegate.swift; sourceTree = "<group>"; };
		89DA2D1E267A1F76004C740D /* SceneDelegate.swift */ = {isa = PBXFileReference; lastKnownFileType = sourcecode.swift; path = SceneDelegate.swift; sourceTree = "<group>"; };
		89DA2D20267A1F76004C740D /* MainViewController.swift */ = {isa = PBXFileReference; lastKnownFileType = sourcecode.swift; path = MainViewController.swift; sourceTree = "<group>"; };
		89DA2D23267A1F76004C740D /* Base */ = {isa = PBXFileReference; lastKnownFileType = file.storyboard; name = Base; path = Base.lproj/Main.storyboard; sourceTree = "<group>"; };
		89DA2D25267A1F7C004C740D /* Assets.xcassets */ = {isa = PBXFileReference; lastKnownFileType = folder.assetcatalog; path = Assets.xcassets; sourceTree = "<group>"; };
		89DA2D28267A1F7C004C740D /* Base */ = {isa = PBXFileReference; lastKnownFileType = file.storyboard; name = Base; path = Base.lproj/LaunchScreen.storyboard; sourceTree = "<group>"; };
		89DA2D2A267A1F7C004C740D /* Info.plist */ = {isa = PBXFileReference; lastKnownFileType = text.plist.xml; path = Info.plist; sourceTree = "<group>"; };
		89DA2D2F267A1F7C004C740D /* PlaceOnMapAppTests.xctest */ = {isa = PBXFileReference; explicitFileType = wrapper.cfbundle; includeInIndex = 0; path = PlaceOnMapAppTests.xctest; sourceTree = BUILT_PRODUCTS_DIR; };
		89DA2D33267A1F7C004C740D /* PlaceOnMapAppTests.swift */ = {isa = PBXFileReference; lastKnownFileType = sourcecode.swift; path = PlaceOnMapAppTests.swift; sourceTree = "<group>"; };
		89DA2D35267A1F7C004C740D /* Info.plist */ = {isa = PBXFileReference; lastKnownFileType = text.plist.xml; path = Info.plist; sourceTree = "<group>"; };
		89DA2D3A267A1F7C004C740D /* PlaceOnMapAppUITests.xctest */ = {isa = PBXFileReference; explicitFileType = wrapper.cfbundle; includeInIndex = 0; path = PlaceOnMapAppUITests.xctest; sourceTree = BUILT_PRODUCTS_DIR; };
		89DA2D3E267A1F7C004C740D /* PlaceOnMapAppUITests.swift */ = {isa = PBXFileReference; lastKnownFileType = sourcecode.swift; path = PlaceOnMapAppUITests.swift; sourceTree = "<group>"; };
		89DA2D40267A1F7C004C740D /* Info.plist */ = {isa = PBXFileReference; lastKnownFileType = text.plist.xml; path = Info.plist; sourceTree = "<group>"; };
		89DA2D58267A2555004C740D /* UIView+Ext.swift */ = {isa = PBXFileReference; lastKnownFileType = sourcecode.swift; path = "UIView+Ext.swift"; sourceTree = "<group>"; };
		89DA2D6F267A6040004C740D /* Images.swift */ = {isa = PBXFileReference; lastKnownFileType = sourcecode.swift; path = Images.swift; sourceTree = "<group>"; };
		89F14837267A64ED00C382E4 /* Strings.swift */ = {isa = PBXFileReference; lastKnownFileType = sourcecode.swift; path = Strings.swift; sourceTree = "<group>"; };
		89F14855267A70B800C382E4 /* NetworkLoaderProvider.swift */ = {isa = PBXFileReference; lastKnownFileType = sourcecode.swift; path = NetworkLoaderProvider.swift; sourceTree = "<group>"; };
		89F1485A267A711600C382E4 /* NetworkError.swift */ = {isa = PBXFileReference; lastKnownFileType = sourcecode.swift; path = NetworkError.swift; sourceTree = "<group>"; };
		89F14862267A727A00C382E4 /* NetworkLoader.swift */ = {isa = PBXFileReference; lastKnownFileType = sourcecode.swift; path = NetworkLoader.swift; sourceTree = "<group>"; };
/* End PBXFileReference section */

/* Begin PBXFrameworksBuildPhase section */
		89DA2D16267A1F76004C740D /* Frameworks */ = {
			isa = PBXFrameworksBuildPhase;
			buildActionMask = 2147483647;
			files = (
			);
			runOnlyForDeploymentPostprocessing = 0;
		};
		89DA2D2C267A1F7C004C740D /* Frameworks */ = {
			isa = PBXFrameworksBuildPhase;
			buildActionMask = 2147483647;
			files = (
			);
			runOnlyForDeploymentPostprocessing = 0;
		};
		89DA2D37267A1F7C004C740D /* Frameworks */ = {
			isa = PBXFrameworksBuildPhase;
			buildActionMask = 2147483647;
			files = (
			);
			runOnlyForDeploymentPostprocessing = 0;
		};
/* End PBXFrameworksBuildPhase section */

/* Begin PBXGroup section */
		891FFDA8267B275500254B9C /* NetworkTests */ = {
			isa = PBXGroup;
			children = (
			);
			path = NetworkTests;
			sourceTree = "<group>";
		};
		891FFDBC267B4AFC00254B9C /* Models */ = {
			isa = PBXGroup;
			children = (
				891FFDBD267B502400254B9C /* Place.swift */,
				891FFDC5267B552000254B9C /* ApiErroModel.swift */,
			);
			path = Models;
			sourceTree = "<group>";
		};
		891FFDCA267B56AE00254B9C /* PlaceService */ = {
			isa = PBXGroup;
			children = (
				891FFDCB267B56C300254B9C /* PlaceServiceProvider.swift */,
				891FFDD3267B57B200254B9C /* PlaceService.swift */,
			);
			path = PlaceService;
			sourceTree = "<group>";
		};
		891FFDDD267B5D8D00254B9C /* Places */ = {
			isa = PBXGroup;
			children = (
				891FFDDE267B5DB700254B9C /* PlacesNavigationControllerComposer.swift */,
				891FFDD8267B5C9500254B9C /* PlacesViewController.swift */,
				89CE153E267B6EA500EE596F /* PlacesPresenterInterface.swift */,
				89CE1546267B6EBB00EE596F /* PlacesPresenterDelegate.swift */,
				89CE154B267B6ECF00EE596F /* PlacesPresenter.swift */,
			);
			path = Places;
			sourceTree = "<group>";
		};
		891FFDEE267B62A200254B9C /* Main */ = {
			isa = PBXGroup;
			children = (
				89CE1536267B6C0400EE596F /* MainViewControllerComposer.swift */,
				89DA2D20267A1F76004C740D /* MainViewController.swift */,
				891FFDEF267B62FA00254B9C /* MainPresenterInterface.swift */,
				891FFDF4267B631000254B9C /* MainPresenterDelegate.swift */,
				891FFDF9267B632500254B9C /* MainPresenter.swift */,
			);
			path = Main;
			sourceTree = "<group>";
		};
		89CE1550267B78C800EE596F /* PlaceDetail */ = {
			isa = PBXGroup;
			children = (
			);
			path = PlaceDetail;
			sourceTree = "<group>";
		};
		89DA2D10267A1F76004C740D = {
			isa = PBXGroup;
			children = (
				89DA2D1B267A1F76004C740D /* PlaceOnMapApp */,
				89DA2D32267A1F7C004C740D /* PlaceOnMapAppTests */,
				89DA2D3D267A1F7C004C740D /* PlaceOnMapAppUITests */,
				89DA2D1A267A1F76004C740D /* Products */,
			);
			sourceTree = "<group>";
		};
		89DA2D1A267A1F76004C740D /* Products */ = {
			isa = PBXGroup;
			children = (
				89DA2D19267A1F76004C740D /* PlaceOnMapApp.app */,
				89DA2D2F267A1F7C004C740D /* PlaceOnMapAppTests.xctest */,
				89DA2D3A267A1F7C004C740D /* PlaceOnMapAppUITests.xctest */,
			);
			name = Products;
			sourceTree = "<group>";
		};
		89DA2D1B267A1F76004C740D /* PlaceOnMapApp */ = {
			isa = PBXGroup;
			children = (
				891FFDBC267B4AFC00254B9C /* Models */,
				89DA2D64267A31DE004C740D /* Services */,
				89DA2D63267A31CB004C740D /* Scenes */,
				89DA2D50267A2477004C740D /* Support */,
			);
			path = PlaceOnMapApp;
			sourceTree = "<group>";
		};
		89DA2D32267A1F7C004C740D /* PlaceOnMapAppTests */ = {
			isa = PBXGroup;
			children = (
				891FFDA8267B275500254B9C /* NetworkTests */,
				89DA2D33267A1F7C004C740D /* PlaceOnMapAppTests.swift */,
				89DA2D35267A1F7C004C740D /* Info.plist */,
			);
			path = PlaceOnMapAppTests;
			sourceTree = "<group>";
		};
		89DA2D3D267A1F7C004C740D /* PlaceOnMapAppUITests */ = {
			isa = PBXGroup;
			children = (
				89DA2D3E267A1F7C004C740D /* PlaceOnMapAppUITests.swift */,
				89DA2D40267A1F7C004C740D /* Info.plist */,
			);
			path = PlaceOnMapAppUITests;
			sourceTree = "<group>";
		};
		89DA2D50267A2477004C740D /* Support */ = {
			isa = PBXGroup;
			children = (
				89DA2D6E267A6029004C740D /* Utilities */,
				89DA2D27267A1F7C004C740D /* LaunchScreen.storyboard */,
				89DA2D22267A1F76004C740D /* Main.storyboard */,
				89DA2D1C267A1F76004C740D /* AppDelegate.swift */,
				89DA2D1E267A1F76004C740D /* SceneDelegate.swift */,
				89DA2D2A267A1F7C004C740D /* Info.plist */,
				89DA2D25267A1F7C004C740D /* Assets.xcassets */,
			);
			path = Support;
			sourceTree = "<group>";
		};
		89DA2D57267A24FF004C740D /* Extensions */ = {
			isa = PBXGroup;
			children = (
				89DA2D58267A2555004C740D /* UIView+Ext.swift */,
				891FFDA9267B285800254B9C /* URLRequest+Ext.swift */,
			);
			path = Extensions;
			sourceTree = "<group>";
		};
		89DA2D63267A31CB004C740D /* Scenes */ = {
			isa = PBXGroup;
			children = (
				891FFDEE267B62A200254B9C /* Main */,
				891FFDDD267B5D8D00254B9C /* Places */,
				89CE1550267B78C800EE596F /* PlaceDetail */,
			);
			path = Scenes;
			sourceTree = "<group>";
		};
		89DA2D64267A31DE004C740D /* Services */ = {
			isa = PBXGroup;
			children = (
				891FFDCA267B56AE00254B9C /* PlaceService */,
				89F14853267A700500C382E4 /* Network */,
			);
			path = Services;
			sourceTree = "<group>";
		};
		89DA2D6E267A6029004C740D /* Utilities */ = {
			isa = PBXGroup;
			children = (
				89DA2D6F267A6040004C740D /* Images.swift */,
				89F14837267A64ED00C382E4 /* Strings.swift */,
				891FFDAE267B29FE00254B9C /* WebApies.swift */,
				89DA2D57267A24FF004C740D /* Extensions */,
			);
			path = Utilities;
			sourceTree = "<group>";
		};
		89F14853267A700500C382E4 /* Network */ = {
			isa = PBXGroup;
			children = (
				89F1485A267A711600C382E4 /* NetworkError.swift */,
				89F14855267A70B800C382E4 /* NetworkLoaderProvider.swift */,
				89F14862267A727A00C382E4 /* NetworkLoader.swift */,
			);
			path = Network;
			sourceTree = "<group>";
		};
/* End PBXGroup section */

/* Begin PBXNativeTarget section */
		89DA2D18267A1F76004C740D /* PlaceOnMapApp */ = {
			isa = PBXNativeTarget;
			buildConfigurationList = 89DA2D43267A1F7C004C740D /* Build configuration list for PBXNativeTarget "PlaceOnMapApp" */;
			buildPhases = (
				89DA2D15267A1F76004C740D /* Sources */,
				89DA2D16267A1F76004C740D /* Frameworks */,
				89DA2D17267A1F76004C740D /* Resources */,
			);
			buildRules = (
			);
			dependencies = (
			);
			name = PlaceOnMapApp;
			productName = PlaceOnMapApp;
			productReference = 89DA2D19267A1F76004C740D /* PlaceOnMapApp.app */;
			productType = "com.apple.product-type.application";
		};
		89DA2D2E267A1F7C004C740D /* PlaceOnMapAppTests */ = {
			isa = PBXNativeTarget;
			buildConfigurationList = 89DA2D46267A1F7C004C740D /* Build configuration list for PBXNativeTarget "PlaceOnMapAppTests" */;
			buildPhases = (
				89DA2D2B267A1F7C004C740D /* Sources */,
				89DA2D2C267A1F7C004C740D /* Frameworks */,
				89DA2D2D267A1F7C004C740D /* Resources */,
			);
			buildRules = (
			);
			dependencies = (
				89DA2D31267A1F7C004C740D /* PBXTargetDependency */,
			);
			name = PlaceOnMapAppTests;
			productName = PlaceOnMapAppTests;
			productReference = 89DA2D2F267A1F7C004C740D /* PlaceOnMapAppTests.xctest */;
			productType = "com.apple.product-type.bundle.unit-test";
		};
		89DA2D39267A1F7C004C740D /* PlaceOnMapAppUITests */ = {
			isa = PBXNativeTarget;
			buildConfigurationList = 89DA2D49267A1F7C004C740D /* Build configuration list for PBXNativeTarget "PlaceOnMapAppUITests" */;
			buildPhases = (
				89DA2D36267A1F7C004C740D /* Sources */,
				89DA2D37267A1F7C004C740D /* Frameworks */,
				89DA2D38267A1F7C004C740D /* Resources */,
			);
			buildRules = (
			);
			dependencies = (
				89DA2D3C267A1F7C004C740D /* PBXTargetDependency */,
			);
			name = PlaceOnMapAppUITests;
			productName = PlaceOnMapAppUITests;
			productReference = 89DA2D3A267A1F7C004C740D /* PlaceOnMapAppUITests.xctest */;
			productType = "com.apple.product-type.bundle.ui-testing";
		};
/* End PBXNativeTarget section */

/* Begin PBXProject section */
		89DA2D11267A1F76004C740D /* Project object */ = {
			isa = PBXProject;
			attributes = {
				LastSwiftUpdateCheck = 1230;
				LastUpgradeCheck = 1230;
				TargetAttributes = {
					89DA2D18267A1F76004C740D = {
						CreatedOnToolsVersion = 12.3;
					};
					89DA2D2E267A1F7C004C740D = {
						CreatedOnToolsVersion = 12.3;
						TestTargetID = 89DA2D18267A1F76004C740D;
					};
					89DA2D39267A1F7C004C740D = {
						CreatedOnToolsVersion = 12.3;
						TestTargetID = 89DA2D18267A1F76004C740D;
					};
				};
			};
			buildConfigurationList = 89DA2D14267A1F76004C740D /* Build configuration list for PBXProject "PlaceOnMapApp" */;
			compatibilityVersion = "Xcode 9.3";
			developmentRegion = en;
			hasScannedForEncodings = 0;
			knownRegions = (
				en,
				Base,
			);
			mainGroup = 89DA2D10267A1F76004C740D;
			productRefGroup = 89DA2D1A267A1F76004C740D /* Products */;
			projectDirPath = "";
			projectRoot = "";
			targets = (
				89DA2D18267A1F76004C740D /* PlaceOnMapApp */,
				89DA2D2E267A1F7C004C740D /* PlaceOnMapAppTests */,
				89DA2D39267A1F7C004C740D /* PlaceOnMapAppUITests */,
			);
		};
/* End PBXProject section */

/* Begin PBXResourcesBuildPhase section */
		89DA2D17267A1F76004C740D /* Resources */ = {
			isa = PBXResourcesBuildPhase;
			buildActionMask = 2147483647;
			files = (
				89DA2D29267A1F7C004C740D /* LaunchScreen.storyboard in Resources */,
				89DA2D26267A1F7C004C740D /* Assets.xcassets in Resources */,
				89DA2D24267A1F76004C740D /* Main.storyboard in Resources */,
			);
			runOnlyForDeploymentPostprocessing = 0;
		};
		89DA2D2D267A1F7C004C740D /* Resources */ = {
			isa = PBXResourcesBuildPhase;
			buildActionMask = 2147483647;
			files = (
			);
			runOnlyForDeploymentPostprocessing = 0;
		};
		89DA2D38267A1F7C004C740D /* Resources */ = {
			isa = PBXResourcesBuildPhase;
			buildActionMask = 2147483647;
			files = (
			);
			runOnlyForDeploymentPostprocessing = 0;
		};
/* End PBXResourcesBuildPhase section */

/* Begin PBXSourcesBuildPhase section */
		89DA2D15267A1F76004C740D /* Sources */ = {
			isa = PBXSourcesBuildPhase;
			buildActionMask = 2147483647;
			files = (
				89DA2D21267A1F76004C740D /* MainViewController.swift in Sources */,
				891FFDD4267B57B200254B9C /* PlaceService.swift in Sources */,
				89F14863267A727A00C382E4 /* NetworkLoader.swift in Sources */,
				89CE1547267B6EBB00EE596F /* PlacesPresenterDelegate.swift in Sources */,
				89F1485B267A711600C382E4 /* NetworkError.swift in Sources */,
				891FFDBE267B502400254B9C /* Place.swift in Sources */,
				891FFDAA267B285800254B9C /* URLRequest+Ext.swift in Sources */,
				89DA2D70267A6040004C740D /* Images.swift in Sources */,
				891FFDDF267B5DB700254B9C /* PlacesNavigationControllerComposer.swift in Sources */,
				89DA2D1D267A1F76004C740D /* AppDelegate.swift in Sources */,
				89DA2D59267A2555004C740D /* UIView+Ext.swift in Sources */,
				89F14856267A70B800C382E4 /* NetworkLoaderProvider.swift in Sources */,
				89DA2D1F267A1F76004C740D /* SceneDelegate.swift in Sources */,
				891FFDCC267B56C300254B9C /* PlaceServiceProvider.swift in Sources */,
				89CE154C267B6ECF00EE596F /* PlacesPresenter.swift in Sources */,
				89CE1537267B6C0400EE596F /* MainViewControllerComposer.swift in Sources */,
				891FFDF5267B631000254B9C /* MainPresenterDelegate.swift in Sources */,
				89CE153F267B6EA500EE596F /* PlacesPresenterInterface.swift in Sources */,
				891FFDD9267B5C9500254B9C /* PlacesViewController.swift in Sources */,
				891FFDF0267B62FA00254B9C /* MainPresenterInterface.swift in Sources */,
				89F14838267A64ED00C382E4 /* Strings.swift in Sources */,
				891FFDC6267B552000254B9C /* ApiErroModel.swift in Sources */,
				891FFDFA267B632500254B9C /* MainPresenter.swift in Sources */,
				891FFDAF267B29FE00254B9C /* WebApies.swift in Sources */,
			);
			runOnlyForDeploymentPostprocessing = 0;
		};
		89DA2D2B267A1F7C004C740D /* Sources */ = {
			isa = PBXSourcesBuildPhase;
			buildActionMask = 2147483647;
			files = (
				89DA2D34267A1F7C004C740D /* PlaceOnMapAppTests.swift in Sources */,
			);
			runOnlyForDeploymentPostprocessing = 0;
		};
		89DA2D36267A1F7C004C740D /* Sources */ = {
			isa = PBXSourcesBuildPhase;
			buildActionMask = 2147483647;
			files = (
				89DA2D3F267A1F7C004C740D /* PlaceOnMapAppUITests.swift in Sources */,
			);
			runOnlyForDeploymentPostprocessing = 0;
		};
/* End PBXSourcesBuildPhase section */

/* Begin PBXTargetDependency section */
		89DA2D31267A1F7C004C740D /* PBXTargetDependency */ = {
			isa = PBXTargetDependency;
			target = 89DA2D18267A1F76004C740D /* PlaceOnMapApp */;
			targetProxy = 89DA2D30267A1F7C004C740D /* PBXContainerItemProxy */;
		};
		89DA2D3C267A1F7C004C740D /* PBXTargetDependency */ = {
			isa = PBXTargetDependency;
			target = 89DA2D18267A1F76004C740D /* PlaceOnMapApp */;
			targetProxy = 89DA2D3B267A1F7C004C740D /* PBXContainerItemProxy */;
		};
/* End PBXTargetDependency section */

/* Begin PBXVariantGroup section */
		89DA2D22267A1F76004C740D /* Main.storyboard */ = {
			isa = PBXVariantGroup;
			children = (
				89DA2D23267A1F76004C740D /* Base */,
			);
			name = Main.storyboard;
			sourceTree = "<group>";
		};
		89DA2D27267A1F7C004C740D /* LaunchScreen.storyboard */ = {
			isa = PBXVariantGroup;
			children = (
				89DA2D28267A1F7C004C740D /* Base */,
			);
			name = LaunchScreen.storyboard;
			sourceTree = "<group>";
		};
/* End PBXVariantGroup section */

/* Begin XCBuildConfiguration section */
		89DA2D41267A1F7C004C740D /* Debug */ = {
			isa = XCBuildConfiguration;
			buildSettings = {
				ALWAYS_SEARCH_USER_PATHS = NO;
				CLANG_ANALYZER_NONNULL = YES;
				CLANG_ANALYZER_NUMBER_OBJECT_CONVERSION = YES_AGGRESSIVE;
				CLANG_CXX_LANGUAGE_STANDARD = "gnu++14";
				CLANG_CXX_LIBRARY = "libc++";
				CLANG_ENABLE_MODULES = YES;
				CLANG_ENABLE_OBJC_ARC = YES;
				CLANG_ENABLE_OBJC_WEAK = YES;
				CLANG_WARN_BLOCK_CAPTURE_AUTORELEASING = YES;
				CLANG_WARN_BOOL_CONVERSION = YES;
				CLANG_WARN_COMMA = YES;
				CLANG_WARN_CONSTANT_CONVERSION = YES;
				CLANG_WARN_DEPRECATED_OBJC_IMPLEMENTATIONS = YES;
				CLANG_WARN_DIRECT_OBJC_ISA_USAGE = YES_ERROR;
				CLANG_WARN_DOCUMENTATION_COMMENTS = YES;
				CLANG_WARN_EMPTY_BODY = YES;
				CLANG_WARN_ENUM_CONVERSION = YES;
				CLANG_WARN_INFINITE_RECURSION = YES;
				CLANG_WARN_INT_CONVERSION = YES;
				CLANG_WARN_NON_LITERAL_NULL_CONVERSION = YES;
				CLANG_WARN_OBJC_IMPLICIT_RETAIN_SELF = YES;
				CLANG_WARN_OBJC_LITERAL_CONVERSION = YES;
				CLANG_WARN_OBJC_ROOT_CLASS = YES_ERROR;
				CLANG_WARN_QUOTED_INCLUDE_IN_FRAMEWORK_HEADER = YES;
				CLANG_WARN_RANGE_LOOP_ANALYSIS = YES;
				CLANG_WARN_STRICT_PROTOTYPES = YES;
				CLANG_WARN_SUSPICIOUS_MOVE = YES;
				CLANG_WARN_UNGUARDED_AVAILABILITY = YES_AGGRESSIVE;
				CLANG_WARN_UNREACHABLE_CODE = YES;
				CLANG_WARN__DUPLICATE_METHOD_MATCH = YES;
				COPY_PHASE_STRIP = NO;
				DEBUG_INFORMATION_FORMAT = dwarf;
				ENABLE_STRICT_OBJC_MSGSEND = YES;
				ENABLE_TESTABILITY = YES;
				GCC_C_LANGUAGE_STANDARD = gnu11;
				GCC_DYNAMIC_NO_PIC = NO;
				GCC_NO_COMMON_BLOCKS = YES;
				GCC_OPTIMIZATION_LEVEL = 0;
				GCC_PREPROCESSOR_DEFINITIONS = (
					"DEBUG=1",
					"$(inherited)",
				);
				GCC_WARN_64_TO_32_BIT_CONVERSION = YES;
				GCC_WARN_ABOUT_RETURN_TYPE = YES_ERROR;
				GCC_WARN_UNDECLARED_SELECTOR = YES;
				GCC_WARN_UNINITIALIZED_AUTOS = YES_AGGRESSIVE;
				GCC_WARN_UNUSED_FUNCTION = YES;
				GCC_WARN_UNUSED_VARIABLE = YES;
				IPHONEOS_DEPLOYMENT_TARGET = 14.3;
				MTL_ENABLE_DEBUG_INFO = INCLUDE_SOURCE;
				MTL_FAST_MATH = YES;
				ONLY_ACTIVE_ARCH = YES;
				SDKROOT = iphoneos;
				SWIFT_ACTIVE_COMPILATION_CONDITIONS = DEBUG;
				SWIFT_OPTIMIZATION_LEVEL = "-Onone";
			};
			name = Debug;
		};
		89DA2D42267A1F7C004C740D /* Release */ = {
			isa = XCBuildConfiguration;
			buildSettings = {
				ALWAYS_SEARCH_USER_PATHS = NO;
				CLANG_ANALYZER_NONNULL = YES;
				CLANG_ANALYZER_NUMBER_OBJECT_CONVERSION = YES_AGGRESSIVE;
				CLANG_CXX_LANGUAGE_STANDARD = "gnu++14";
				CLANG_CXX_LIBRARY = "libc++";
				CLANG_ENABLE_MODULES = YES;
				CLANG_ENABLE_OBJC_ARC = YES;
				CLANG_ENABLE_OBJC_WEAK = YES;
				CLANG_WARN_BLOCK_CAPTURE_AUTORELEASING = YES;
				CLANG_WARN_BOOL_CONVERSION = YES;
				CLANG_WARN_COMMA = YES;
				CLANG_WARN_CONSTANT_CONVERSION = YES;
				CLANG_WARN_DEPRECATED_OBJC_IMPLEMENTATIONS = YES;
				CLANG_WARN_DIRECT_OBJC_ISA_USAGE = YES_ERROR;
				CLANG_WARN_DOCUMENTATION_COMMENTS = YES;
				CLANG_WARN_EMPTY_BODY = YES;
				CLANG_WARN_ENUM_CONVERSION = YES;
				CLANG_WARN_INFINITE_RECURSION = YES;
				CLANG_WARN_INT_CONVERSION = YES;
				CLANG_WARN_NON_LITERAL_NULL_CONVERSION = YES;
				CLANG_WARN_OBJC_IMPLICIT_RETAIN_SELF = YES;
				CLANG_WARN_OBJC_LITERAL_CONVERSION = YES;
				CLANG_WARN_OBJC_ROOT_CLASS = YES_ERROR;
				CLANG_WARN_QUOTED_INCLUDE_IN_FRAMEWORK_HEADER = YES;
				CLANG_WARN_RANGE_LOOP_ANALYSIS = YES;
				CLANG_WARN_STRICT_PROTOTYPES = YES;
				CLANG_WARN_SUSPICIOUS_MOVE = YES;
				CLANG_WARN_UNGUARDED_AVAILABILITY = YES_AGGRESSIVE;
				CLANG_WARN_UNREACHABLE_CODE = YES;
				CLANG_WARN__DUPLICATE_METHOD_MATCH = YES;
				COPY_PHASE_STRIP = NO;
				DEBUG_INFORMATION_FORMAT = "dwarf-with-dsym";
				ENABLE_NS_ASSERTIONS = NO;
				ENABLE_STRICT_OBJC_MSGSEND = YES;
				GCC_C_LANGUAGE_STANDARD = gnu11;
				GCC_NO_COMMON_BLOCKS = YES;
				GCC_WARN_64_TO_32_BIT_CONVERSION = YES;
				GCC_WARN_ABOUT_RETURN_TYPE = YES_ERROR;
				GCC_WARN_UNDECLARED_SELECTOR = YES;
				GCC_WARN_UNINITIALIZED_AUTOS = YES_AGGRESSIVE;
				GCC_WARN_UNUSED_FUNCTION = YES;
				GCC_WARN_UNUSED_VARIABLE = YES;
				IPHONEOS_DEPLOYMENT_TARGET = 14.3;
				MTL_ENABLE_DEBUG_INFO = NO;
				MTL_FAST_MATH = YES;
				SDKROOT = iphoneos;
				SWIFT_COMPILATION_MODE = wholemodule;
				SWIFT_OPTIMIZATION_LEVEL = "-O";
				VALIDATE_PRODUCT = YES;
			};
			name = Release;
		};
		89DA2D44267A1F7C004C740D /* Debug */ = {
			isa = XCBuildConfiguration;
			buildSettings = {
				ASSETCATALOG_COMPILER_APPICON_NAME = AppIcon;
				ASSETCATALOG_COMPILER_GLOBAL_ACCENT_COLOR_NAME = AccentColor;
				CODE_SIGN_STYLE = Automatic;
				DEVELOPMENT_TEAM = M4RS983B9Z;
				INFOPLIST_FILE = PlaceOnMapApp/Support/Info.plist;
				LD_RUNPATH_SEARCH_PATHS = (
					"$(inherited)",
					"@executable_path/Frameworks",
				);
				PRODUCT_BUNDLE_IDENTIFIER = com.PlaceOnMap.PlaceOnMapApp;
				PRODUCT_NAME = "$(TARGET_NAME)";
				SWIFT_VERSION = 5.0;
				TARGETED_DEVICE_FAMILY = "1,2";
			};
			name = Debug;
		};
		89DA2D45267A1F7C004C740D /* Release */ = {
			isa = XCBuildConfiguration;
			buildSettings = {
				ASSETCATALOG_COMPILER_APPICON_NAME = AppIcon;
				ASSETCATALOG_COMPILER_GLOBAL_ACCENT_COLOR_NAME = AccentColor;
				CODE_SIGN_STYLE = Automatic;
				DEVELOPMENT_TEAM = M4RS983B9Z;
				INFOPLIST_FILE = PlaceOnMapApp/Support/Info.plist;
				LD_RUNPATH_SEARCH_PATHS = (
					"$(inherited)",
					"@executable_path/Frameworks",
				);
				PRODUCT_BUNDLE_IDENTIFIER = com.PlaceOnMap.PlaceOnMapApp;
				PRODUCT_NAME = "$(TARGET_NAME)";
				SWIFT_VERSION = 5.0;
				TARGETED_DEVICE_FAMILY = "1,2";
			};
			name = Release;
		};
		89DA2D47267A1F7C004C740D /* Debug */ = {
			isa = XCBuildConfiguration;
			buildSettings = {
				ALWAYS_EMBED_SWIFT_STANDARD_LIBRARIES = YES;
				BUNDLE_LOADER = "$(TEST_HOST)";
				CODE_SIGN_STYLE = Automatic;
				DEVELOPMENT_TEAM = M4RS983B9Z;
				INFOPLIST_FILE = PlaceOnMapAppTests/Info.plist;
				IPHONEOS_DEPLOYMENT_TARGET = 14.3;
				LD_RUNPATH_SEARCH_PATHS = (
					"$(inherited)",
					"@executable_path/Frameworks",
					"@loader_path/Frameworks",
				);
				PRODUCT_BUNDLE_IDENTIFIER = com.PlaceOnMap.PlaceOnMapAppTests;
				PRODUCT_NAME = "$(TARGET_NAME)";
				SWIFT_VERSION = 5.0;
				TARGETED_DEVICE_FAMILY = "1,2";
				TEST_HOST = "$(BUILT_PRODUCTS_DIR)/PlaceOnMapApp.app/PlaceOnMapApp";
			};
			name = Debug;
		};
		89DA2D48267A1F7C004C740D /* Release */ = {
			isa = XCBuildConfiguration;
			buildSettings = {
				ALWAYS_EMBED_SWIFT_STANDARD_LIBRARIES = YES;
				BUNDLE_LOADER = "$(TEST_HOST)";
				CODE_SIGN_STYLE = Automatic;
				DEVELOPMENT_TEAM = M4RS983B9Z;
				INFOPLIST_FILE = PlaceOnMapAppTests/Info.plist;
				IPHONEOS_DEPLOYMENT_TARGET = 14.3;
				LD_RUNPATH_SEARCH_PATHS = (
					"$(inherited)",
					"@executable_path/Frameworks",
					"@loader_path/Frameworks",
				);
				PRODUCT_BUNDLE_IDENTIFIER = com.PlaceOnMap.PlaceOnMapAppTests;
				PRODUCT_NAME = "$(TARGET_NAME)";
				SWIFT_VERSION = 5.0;
				TARGETED_DEVICE_FAMILY = "1,2";
				TEST_HOST = "$(BUILT_PRODUCTS_DIR)/PlaceOnMapApp.app/PlaceOnMapApp";
			};
			name = Release;
		};
		89DA2D4A267A1F7C004C740D /* Debug */ = {
			isa = XCBuildConfiguration;
			buildSettings = {
				ALWAYS_EMBED_SWIFT_STANDARD_LIBRARIES = YES;
				CODE_SIGN_STYLE = Automatic;
				DEVELOPMENT_TEAM = M4RS983B9Z;
				INFOPLIST_FILE = PlaceOnMapAppUITests/Info.plist;
				LD_RUNPATH_SEARCH_PATHS = (
					"$(inherited)",
					"@executable_path/Frameworks",
					"@loader_path/Frameworks",
				);
				PRODUCT_BUNDLE_IDENTIFIER = com.PlaceOnMap.PlaceOnMapAppUITests;
				PRODUCT_NAME = "$(TARGET_NAME)";
				SWIFT_VERSION = 5.0;
				TARGETED_DEVICE_FAMILY = "1,2";
				TEST_TARGET_NAME = PlaceOnMapApp;
			};
			name = Debug;
		};
		89DA2D4B267A1F7C004C740D /* Release */ = {
			isa = XCBuildConfiguration;
			buildSettings = {
				ALWAYS_EMBED_SWIFT_STANDARD_LIBRARIES = YES;
				CODE_SIGN_STYLE = Automatic;
				DEVELOPMENT_TEAM = M4RS983B9Z;
				INFOPLIST_FILE = PlaceOnMapAppUITests/Info.plist;
				LD_RUNPATH_SEARCH_PATHS = (
					"$(inherited)",
					"@executable_path/Frameworks",
					"@loader_path/Frameworks",
				);
				PRODUCT_BUNDLE_IDENTIFIER = com.PlaceOnMap.PlaceOnMapAppUITests;
				PRODUCT_NAME = "$(TARGET_NAME)";
				SWIFT_VERSION = 5.0;
				TARGETED_DEVICE_FAMILY = "1,2";
				TEST_TARGET_NAME = PlaceOnMapApp;
			};
			name = Release;
		};
/* End XCBuildConfiguration section */

/* Begin XCConfigurationList section */
		89DA2D14267A1F76004C740D /* Build configuration list for PBXProject "PlaceOnMapApp" */ = {
			isa = XCConfigurationList;
			buildConfigurations = (
				89DA2D41267A1F7C004C740D /* Debug */,
				89DA2D42267A1F7C004C740D /* Release */,
			);
			defaultConfigurationIsVisible = 0;
			defaultConfigurationName = Release;
		};
		89DA2D43267A1F7C004C740D /* Build configuration list for PBXNativeTarget "PlaceOnMapApp" */ = {
			isa = XCConfigurationList;
			buildConfigurations = (
				89DA2D44267A1F7C004C740D /* Debug */,
				89DA2D45267A1F7C004C740D /* Release */,
			);
			defaultConfigurationIsVisible = 0;
			defaultConfigurationName = Release;
		};
		89DA2D46267A1F7C004C740D /* Build configuration list for PBXNativeTarget "PlaceOnMapAppTests" */ = {
			isa = XCConfigurationList;
			buildConfigurations = (
				89DA2D47267A1F7C004C740D /* Debug */,
				89DA2D48267A1F7C004C740D /* Release */,
			);
			defaultConfigurationIsVisible = 0;
			defaultConfigurationName = Release;
		};
		89DA2D49267A1F7C004C740D /* Build configuration list for PBXNativeTarget "PlaceOnMapAppUITests" */ = {
			isa = XCConfigurationList;
			buildConfigurations = (
				89DA2D4A267A1F7C004C740D /* Debug */,
				89DA2D4B267A1F7C004C740D /* Release */,
			);
			defaultConfigurationIsVisible = 0;
			defaultConfigurationName = Release;
		};
/* End XCConfigurationList section */
	};
	rootObject = 89DA2D11267A1F76004C740D /* Project object */;
}
